
Microsoft Visual Studio Solution File, Format Version 12.00
# Visual Studio Version 16
VisualStudioVersion = 25.0.1700.0
MinimumVisualStudioVersion = 10.0.40219.1
Project("{FAE04EC0-301F-11D3-BF4B-00C04F79EFBC}") = "FarmVille", "FarmVille.csproj", "{DF4B5D94-0CDC-435B-AF4D-0542ED87B87E}"
EndProject
Global
	GlobalSection(SolutionConfigurationPlatforms) = preSolution
		Debug|Any CPU = Debug|Any CPU
		Release|Any CPU = Release|Any CPU
	EndGlobalSection
	GlobalSection(ProjectConfigurationPlatforms) = postSolution
		{DF4B5D94-0CDC-435B-AF4D-0542ED87B87E}.Debug|Any CPU.ActiveCfg = Debug|Any CPU
		{DF4B5D94-0CDC-435B-AF4D-0542ED87B87E}.Debug|Any CPU.Build.0 = Debug|Any CPU
		{DF4B5D94-0CDC-435B-AF4D-0542ED87B87E}.Release|Any CPU.ActiveCfg = Release|Any CPU
		{DF4B5D94-0CDC-435B-AF4D-0542ED87B87E}.Release|Any CPU.Build.0 = Release|Any CPU
	EndGlobalSection
	GlobalSection(SolutionProperties) = preSolution
		HideSolutionNode = FALSE
	EndGlobalSection
	GlobalSection(ExtensibilityGlobals) = postSolution
		SolutionGuid = {1B26F994-B9F6-4A3D-9F92-44416E39954A}
	EndGlobalSection
EndGlobal
